<?xml version="1.0" encoding="utf-8"?>
<Project ToolsVersion="4.0" xmlns="http://schemas.microsoft.com/developer/msbuild/2003">
  <ItemGroup>
    <Filter Include="소스 파일">
      <UniqueIdentifier>{4FC737F1-C7A5-4376-A066-2A32D752A2FF}</UniqueIdentifier>
      <Extensions>cpp;c;cc;cxx;c++;cppm;ixx;def;odl;idl;hpj;bat;asm;asmx</Extensions>
    </Filter>
    <Filter Include="헤더 파일">
      <UniqueIdentifier>{93995380-89BD-4b04-88EB-625FBE52EBFB}</UniqueIdentifier>
      <Extensions>h;hh;hpp;hxx;h++;hm;inl;inc;ipp;xsd</Extensions>
    </Filter>
    <Filter Include="리소스 파일">
      <UniqueIdentifier>{67DA6AB6-F800-4c08-8B7A-83BB121AAD01}</UniqueIdentifier>
      <Extensions>rc;ico;cur;bmp;dlg;rc2;rct;bin;rgs;gif;jpg;jpeg;jpe;resx;tiff;tif;png;wav;mfcribbon-ms</Extensions>
    </Filter>
    <Filter Include="00. MainGame">
      <UniqueIdentifier>{13828fb6-a723-4d86-ab6f-9809b1211c82}</UniqueIdentifier>
    </Filter>
    <Filter Include="01. Obj">
      <UniqueIdentifier>{e2af40d7-7336-426a-b430-c284427d1e40}</UniqueIdentifier>
    </Filter>
    <Filter Include="01. Obj\03. Mouse">
      <UniqueIdentifier>{d6dccbdc-b8ff-4078-9255-600f278d61ba}</UniqueIdentifier>
    </Filter>
    <Filter Include="03. Design">
      <UniqueIdentifier>{fc3aca44-edbd-446a-8d69-20db269dcfd8}</UniqueIdentifier>
    </Filter>
    <Filter Include="03. Design\AbstractFactory">
      <UniqueIdentifier>{0277a2de-5106-4547-8fa3-84fa68f69371}</UniqueIdentifier>
    </Filter>
    <Filter Include="03. Design\CollisionMgr">
      <UniqueIdentifier>{f433f92d-d342-4dea-b2ac-76108aae2cba}</UniqueIdentifier>
    </Filter>
    <Filter Include="03. Design\ObjMgr">
      <UniqueIdentifier>{f3eeee71-f450-4ceb-ad88-f37da494e3af}</UniqueIdentifier>
    </Filter>
    <Filter Include="03. Design\KeyMgr">
      <UniqueIdentifier>{35d39457-7602-4ce2-86e7-f6c882bdb56b}</UniqueIdentifier>
    </Filter>
    <Filter Include="03. Design\ScrollMgr">
      <UniqueIdentifier>{f51fd9c2-99b7-40b4-b3b8-741b940b5b00}</UniqueIdentifier>
    </Filter>
    <Filter Include="03. Design\BmpMgr">
      <UniqueIdentifier>{8978f2fd-c210-4dbd-879c-13bcd769cafc}</UniqueIdentifier>
    </Filter>
    <Filter Include="03. Design\BmpMgr\MyBmp">
      <UniqueIdentifier>{2031c7f6-94e3-444f-947c-b3f6b3983629}</UniqueIdentifier>
    </Filter>
    <Filter Include="02. Scene">
      <UniqueIdentifier>{6bd68f9a-ebc3-4395-b472-a434770c2c72}</UniqueIdentifier>
    </Filter>
    <Filter Include="03. Design\SceneMgr">
      <UniqueIdentifier>{15b7300c-97b7-4374-a7af-39d2aa2151dc}</UniqueIdentifier>
    </Filter>
    <Filter Include="02. Scene\00. Logo">
      <UniqueIdentifier>{471aeb6c-af04-47cb-b654-bd65a6062e64}</UniqueIdentifier>
    </Filter>
    <Filter Include="02. Scene\01. Menu">
      <UniqueIdentifier>{7b770a09-816f-47e7-a82a-70021b7cf48d}</UniqueIdentifier>
    </Filter>
    <Filter Include="02. Scene\02. Edit">
      <UniqueIdentifier>{0b1c7369-2072-4f3c-a28a-65ebe65012a1}</UniqueIdentifier>
    </Filter>
    <Filter Include="02. Scene\03. Stage">
      <UniqueIdentifier>{4fc6b5da-8ebb-4f01-abb9-a1d8a2f9348c}</UniqueIdentifier>
    </Filter>
    <Filter Include="03. Design\TileMgr">
      <UniqueIdentifier>{e0562699-c98e-43bc-b5d6-81802d081253}</UniqueIdentifier>
    </Filter>
    <Filter Include="03. Design\TileMgr\Tile">
      <UniqueIdentifier>{b2c00f52-fc2f-4967-937f-14aa3b936e02}</UniqueIdentifier>
    </Filter>
    <Filter Include="01. Obj\01.Unit">
      <UniqueIdentifier>{b8320515-8355-441e-9494-2cf1d0362a0e}</UniqueIdentifier>
    </Filter>
    <Filter Include="01. Obj\01.Unit\00.SCV">
      <UniqueIdentifier>{01d22c51-99ba-47d5-843e-00769614f24d}</UniqueIdentifier>
    </Filter>
    <Filter Include="01. Obj\01.Unit\01.Marine">
      <UniqueIdentifier>{5cf99645-8ec3-404e-a657-3871b7d92b9b}</UniqueIdentifier>
    </Filter>
    <Filter Include="01. Obj\01.Unit\02.Medic">
      <UniqueIdentifier>{900f4e15-3d22-4b2b-b007-b0ce3c29b23c}</UniqueIdentifier>
    </Filter>
    <Filter Include="01. Obj\02.Build">
      <UniqueIdentifier>{71d122fe-ec02-4477-b5f1-ea8ca07118e4}</UniqueIdentifier>
    </Filter>
    <Filter Include="01. Obj\04.Effect">
      <UniqueIdentifier>{e204bdfd-f4a5-4277-9028-407472d44990}</UniqueIdentifier>
    </Filter>
    <Filter Include="03. Design\MapMgr">
      <UniqueIdentifier>{b337e5a3-5856-49a1-9a85-41b558bdb7d4}</UniqueIdentifier>
    </Filter>
    <Filter Include="01. Obj\03. Mouse\01.GameMouse">
      <UniqueIdentifier>{20264e39-3602-41e3-8233-484ea2116b26}</UniqueIdentifier>
    </Filter>
    <Filter Include="03. Design\UIMgr">
      <UniqueIdentifier>{d600a634-678c-4699-848c-8b401f048c4f}</UniqueIdentifier>
    </Filter>
    <Filter Include="04. UI">
      <UniqueIdentifier>{144ae177-64db-412e-a399-0ab0913ce647}</UniqueIdentifier>
    </Filter>
    <Filter Include="04. UI\CUI">
      <UniqueIdentifier>{ac5c202b-f1f4-4a9b-9540-dba8a6aa66bd}</UniqueIdentifier>
    </Filter>
    <Filter Include="04. UI\00.Main_UI">
      <UniqueIdentifier>{46ddb7dd-f5a6-4336-a08f-ffd89bfc3edd}</UniqueIdentifier>
    </Filter>
    <Filter Include="04. UI\01.Icon_UI">
      <UniqueIdentifier>{e5c7faa3-856c-4883-acf1-e5ec12ec2af1}</UniqueIdentifier>
    </Filter>
    <Filter Include="04. UI\02.Port_UI">
      <UniqueIdentifier>{9a3e3ec2-46a7-4ba2-8493-3a0e5253d8c0}</UniqueIdentifier>
    </Filter>
    <Filter Include="04. UI\03.Wire_UI">
      <UniqueIdentifier>{4e956432-4698-4a70-8953-cb59fe9eeaf6}</UniqueIdentifier>
    </Filter>
    <Filter Include="03. Design\FMod">
      <UniqueIdentifier>{4091e04b-ef49-4cea-8aa2-5a14636ae16d}</UniqueIdentifier>
    </Filter>
    <Filter Include="03. Design\SoundMgr">
      <UniqueIdentifier>{9ad697ea-5077-4d2e-afab-90e4f4099cdf}</UniqueIdentifier>
    </Filter>
    <Filter Include="02. Scene\Scene">
      <UniqueIdentifier>{74ecd8b7-1018-42e2-a054-6f2c4d8e26a6}</UniqueIdentifier>
    </Filter>
    <Filter Include="01. Obj\01.Unit\Unit">
      <UniqueIdentifier>{53755702-96b8-4665-96f1-0d844ad8d1e3}</UniqueIdentifier>
    </Filter>
    <Filter Include="04. UI\03.Wire_UI\BigWire">
      <UniqueIdentifier>{4d73d96d-c0d6-4d60-8845-892facc7aad4}</UniqueIdentifier>
    </Filter>
    <Filter Include="04. UI\03.Wire_UI\SmallWire">
      <UniqueIdentifier>{4ec6030a-f903-442f-8b8a-09d8b046766b}</UniqueIdentifier>
    </Filter>
    <Filter Include="01. Obj\03. Mouse\Mouse">
      <UniqueIdentifier>{c06cde4f-372f-4e09-8b32-87b97db7c5cd}</UniqueIdentifier>
    </Filter>
    <Filter Include="01. Obj\Obj">
      <UniqueIdentifier>{be0b1231-6d2a-4d39-be94-b5216c322bc1}</UniqueIdentifier>
    </Filter>
    <Filter Include="01. Obj\old">
      <UniqueIdentifier>{ff2baa36-8337-454a-8306-77c450f78dee}</UniqueIdentifier>
    </Filter>
    <Filter Include="01. Obj\old\00. Player">
      <UniqueIdentifier>{0d160408-139b-4b41-a75d-ed72a58c3568}</UniqueIdentifier>
    </Filter>
    <Filter Include="01. Obj\old\01. Bullet">
      <UniqueIdentifier>{e788f02c-0521-4a42-9119-079a06b76f75}</UniqueIdentifier>
    </Filter>
    <Filter Include="01. Obj\old\01. Bullet\ScrewBullet">
      <UniqueIdentifier>{e96831a9-1ff2-488f-b9f8-0f45774d7173}</UniqueIdentifier>
    </Filter>
    <Filter Include="01. Obj\old\01. Bullet\GuideBullet">
      <UniqueIdentifier>{d0bc3b22-3ccb-4481-a360-7cd2d912e8b6}</UniqueIdentifier>
    </Filter>
    <Filter Include="01. Obj\old\02. Monster">
      <UniqueIdentifier>{28dd5fd8-800c-41f8-8d4f-b441f0804b18}</UniqueIdentifier>
    </Filter>
    <Filter Include="01. Obj\old\05. Button">
      <UniqueIdentifier>{b8f9215b-fd37-4dd4-b322-a07d7ccf0bd1}</UniqueIdentifier>
    </Filter>
    <Filter Include="01. Obj\02.Build\Build">
      <UniqueIdentifier>{852cd5ea-8e8b-4bcd-9664-68d955269ab1}</UniqueIdentifier>
    </Filter>
  </ItemGroup>
  <ItemGroup>
    <ClInclude Include="framework.h">
      <Filter>헤더 파일</Filter>
    </ClInclude>
    <ClInclude Include="targetver.h">
      <Filter>헤더 파일</Filter>
    </ClInclude>
    <ClInclude Include="Resource.h">
      <Filter>헤더 파일</Filter>
    </ClInclude>
    <ClInclude Include="DefaultWindow.h">
      <Filter>헤더 파일</Filter>
    </ClInclude>
    <ClInclude Include="pch.h">
      <Filter>헤더 파일</Filter>
    </ClInclude>
    <ClInclude Include="CMainGame.h">
      <Filter>00. MainGame</Filter>
    </ClInclude>
    <ClInclude Include="Define.h">
      <Filter>헤더 파일</Filter>
    </ClInclude>
    <ClInclude Include="CPlayer.h">
      <Filter>01. Obj\old\00. Player</Filter>
    </ClInclude>
    <ClInclude Include="CBullet.h">
      <Filter>01. Obj\old\01. Bullet</Filter>
    </ClInclude>
    <ClInclude Include="CMonster.h">
      <Filter>01. Obj\old\02. Monster</Filter>
    </ClInclude>
    <ClInclude Include="CAbstractFactory.h">
      <Filter>03. Design\AbstractFactory</Filter>
    </ClInclude>
    <ClInclude Include="CCollisionMgr.h">
      <Filter>03. Design\CollisionMgr</Filter>
    </ClInclude>
    <ClInclude Include="CScrewBullet.h">
      <Filter>01. Obj\old\01. Bullet\ScrewBullet</Filter>
    </ClInclude>
    <ClInclude Include="CObjMgr.h">
      <Filter>03. Design\ObjMgr</Filter>
    </ClInclude>
    <ClInclude Include="CGuideBullet.h">
      <Filter>01. Obj\old\01. Bullet\GuideBullet</Filter>
    </ClInclude>
    <ClInclude Include="CKeyMgr.h">
      <Filter>03. Design\KeyMgr</Filter>
    </ClInclude>
    <ClInclude Include="CScrollMgr.h">
      <Filter>03. Design\ScrollMgr</Filter>
    </ClInclude>
    <ClInclude Include="CMyBmp.h">
      <Filter>03. Design\BmpMgr\MyBmp</Filter>
    </ClInclude>
    <ClInclude Include="CBmpMgr.h">
      <Filter>03. Design\BmpMgr</Filter>
    </ClInclude>
    <ClInclude Include="CSceneMgr.h">
      <Filter>03. Design\SceneMgr</Filter>
    </ClInclude>
    <ClInclude Include="CLogo.h">
      <Filter>02. Scene\00. Logo</Filter>
    </ClInclude>
    <ClInclude Include="CMyMenu.h">
      <Filter>02. Scene\01. Menu</Filter>
    </ClInclude>
    <ClInclude Include="CMyButton.h">
      <Filter>01. Obj\old\05. Button</Filter>
    </ClInclude>
    <ClInclude Include="CStage.h">
      <Filter>02. Scene\03. Stage</Filter>
    </ClInclude>
    <ClInclude Include="CMyEdit.h">
      <Filter>02. Scene\02. Edit</Filter>
    </ClInclude>
    <ClInclude Include="CTile.h">
      <Filter>03. Design\TileMgr\Tile</Filter>
    </ClInclude>
    <ClInclude Include="CTileMgr.h">
      <Filter>03. Design\TileMgr</Filter>
    </ClInclude>
    <ClInclude Include="CMarine.h">
      <Filter>01. Obj\01.Unit\01.Marine</Filter>
    </ClInclude>
    <ClInclude Include="CEffect.h">
      <Filter>01. Obj\04.Effect</Filter>
    </ClInclude>
    <ClInclude Include="CBloodEffect.h">
      <Filter>01. Obj\04.Effect</Filter>
    </ClInclude>
    <ClInclude Include="CMapMgr.h">
      <Filter>03. Design\MapMgr</Filter>
    </ClInclude>
    <ClInclude Include="CGameMouse.h">
      <Filter>01. Obj\03. Mouse\01.GameMouse</Filter>
    </ClInclude>
    <ClInclude Include="CUIMgr.h">
      <Filter>03. Design\UIMgr</Filter>
    </ClInclude>
    <ClInclude Include="CMainUI.h">
      <Filter>04. UI\00.Main_UI</Filter>
    </ClInclude>
    <ClInclude Include="CIconUI.h">
      <Filter>04. UI\01.Icon_UI</Filter>
    </ClInclude>
    <ClInclude Include="CPortUI.h">
      <Filter>04. UI\02.Port_UI</Filter>
    </ClInclude>
    <ClInclude Include="CUI.h">
      <Filter>04. UI\CUI</Filter>
    </ClInclude>
    <ClInclude Include="fmod.h">
      <Filter>03. Design\FMod</Filter>
    </ClInclude>
    <ClInclude Include="fmod.hpp">
      <Filter>03. Design\FMod</Filter>
    </ClInclude>
    <ClInclude Include="fmod_codec.h">
      <Filter>03. Design\FMod</Filter>
    </ClInclude>
    <ClInclude Include="fmod_common.h">
      <Filter>03. Design\FMod</Filter>
    </ClInclude>
    <ClInclude Include="fmod_dsp.h">
      <Filter>03. Design\FMod</Filter>
    </ClInclude>
    <ClInclude Include="fmod_dsp_effects.h">
      <Filter>03. Design\FMod</Filter>
    </ClInclude>
    <ClInclude Include="fmod_errors.h">
      <Filter>03. Design\FMod</Filter>
    </ClInclude>
    <ClInclude Include="fmod_output.h">
      <Filter>03. Design\FMod</Filter>
    </ClInclude>
    <ClInclude Include="CSoundMgr.h">
      <Filter>03. Design\SoundMgr</Filter>
    </ClInclude>
    <ClInclude Include="CScene.h">
      <Filter>02. Scene\Scene</Filter>
    </ClInclude>
    <ClInclude Include="CUnit.h">
      <Filter>01. Obj\01.Unit\Unit</Filter>
    </ClInclude>
    <ClInclude Include="CWireUI.h">
      <Filter>04. UI\03.Wire_UI\BigWire</Filter>
    </ClInclude>
    <ClInclude Include="CWireSmallUI.h">
      <Filter>04. UI\03.Wire_UI\SmallWire</Filter>
    </ClInclude>
    <ClInclude Include="CMouse.h">
      <Filter>01. Obj\03. Mouse\Mouse</Filter>
    </ClInclude>
    <ClInclude Include="CObj.h">
      <Filter>01. Obj\Obj</Filter>
    </ClInclude>
    <ClInclude Include="CBuild.h">
      <Filter>01. Obj\02.Build\Build</Filter>
    </ClInclude>
  </ItemGroup>
  <ItemGroup>
    <ClCompile Include="DefaultWindow.cpp">
      <Filter>소스 파일</Filter>
    </ClCompile>
    <ClCompile Include="pch.cpp">
      <Filter>소스 파일</Filter>
    </ClCompile>
    <ClCompile Include="CMainGame.cpp">
      <Filter>00. MainGame</Filter>
    </ClCompile>
    <ClCompile Include="CPlayer.cpp">
      <Filter>01. Obj\old\00. Player</Filter>
    </ClCompile>
    <ClCompile Include="CBullet.cpp">
      <Filter>01. Obj\old\01. Bullet</Filter>
    </ClCompile>
    <ClCompile Include="CMonster.cpp">
      <Filter>01. Obj\old\02. Monster</Filter>
    </ClCompile>
    <ClCompile Include="CCollisionMgr.cpp">
      <Filter>03. Design\CollisionMgr</Filter>
    </ClCompile>
    <ClCompile Include="CScrewBullet.cpp">
      <Filter>01. Obj\old\01. Bullet\ScrewBullet</Filter>
    </ClCompile>
    <ClCompile Include="CObjMgr.cpp">
      <Filter>03. Design\ObjMgr</Filter>
    </ClCompile>
    <ClCompile Include="CGuideBullet.cpp">
      <Filter>01. Obj\old\01. Bullet\GuideBullet</Filter>
    </ClCompile>
    <ClCompile Include="CKeyMgr.cpp">
      <Filter>03. Design\KeyMgr</Filter>
    </ClCompile>
    <ClCompile Include="CScrollMgr.cpp">
      <Filter>03. Design\ScrollMgr</Filter>
    </ClCompile>
    <ClCompile Include="CMyBmp.cpp">
      <Filter>03. Design\BmpMgr\MyBmp</Filter>
    </ClCompile>
    <ClCompile Include="CBmpMgr.cpp">
      <Filter>03. Design\BmpMgr</Filter>
    </ClCompile>
    <ClCompile Include="CSceneMgr.cpp">
      <Filter>03. Design\SceneMgr</Filter>
    </ClCompile>
    <ClCompile Include="CLogo.cpp">
      <Filter>02. Scene\00. Logo</Filter>
    </ClCompile>
    <ClCompile Include="CMyMenu.cpp">
      <Filter>02. Scene\01. Menu</Filter>
    </ClCompile>
    <ClCompile Include="CMyButton.cpp">
      <Filter>01. Obj\old\05. Button</Filter>
    </ClCompile>
    <ClCompile Include="CStage.cpp">
      <Filter>02. Scene\03. Stage</Filter>
    </ClCompile>
    <ClCompile Include="CMyEdit.cpp">
      <Filter>02. Scene\02. Edit</Filter>
    </ClCompile>
    <ClCompile Include="CTile.cpp">
      <Filter>03. Design\TileMgr\Tile</Filter>
    </ClCompile>
    <ClCompile Include="CTileMgr.cpp">
      <Filter>03. Design\TileMgr</Filter>
    </ClCompile>
    <ClCompile Include="CMarine.cpp">
      <Filter>01. Obj\01.Unit\01.Marine</Filter>
    </ClCompile>
    <ClCompile Include="CEffect.cpp">
      <Filter>01. Obj\04.Effect</Filter>
    </ClCompile>
    <ClCompile Include="CBloodEffect.cpp">
      <Filter>01. Obj\04.Effect</Filter>
    </ClCompile>
    <ClCompile Include="CMapMgr.cpp">
      <Filter>03. Design\MapMgr</Filter>
    </ClCompile>
    <ClCompile Include="CGameMouse.cpp">
      <Filter>01. Obj\03. Mouse\01.GameMouse</Filter>
    </ClCompile>
    <ClCompile Include="CUIMgr.cpp">
      <Filter>03. Design\UIMgr</Filter>
    </ClCompile>
    <ClCompile Include="CMainUI.cpp">
      <Filter>04. UI\00.Main_UI</Filter>
    </ClCompile>
    <ClCompile Include="CIconUI.cpp">
      <Filter>04. UI\01.Icon_UI</Filter>
    </ClCompile>
    <ClCompile Include="CPortUI.cpp">
      <Filter>04. UI\02.Port_UI</Filter>
    </ClCompile>
    <ClCompile Include="CUI.cpp">
      <Filter>04. UI\CUI</Filter>
    </ClCompile>
    <ClCompile Include="CSoundMgr.cpp">
      <Filter>03. Design\SoundMgr</Filter>
    </ClCompile>
    <ClCompile Include="CScene.cpp">
      <Filter>02. Scene\Scene</Filter>
    </ClCompile>
    <ClCompile Include="CUnit.cpp">
      <Filter>01. Obj\01.Unit\Unit</Filter>
    </ClCompile>
    <ClCompile Include="CWireUI.cpp">
      <Filter>04. UI\03.Wire_UI\BigWire</Filter>
    </ClCompile>
    <ClCompile Include="CWireSmallUI.cpp">
      <Filter>04. UI\03.Wire_UI\SmallWire</Filter>
    </ClCompile>
    <ClCompile Include="CMouse.cpp">
      <Filter>01. Obj\03. Mouse\Mouse</Filter>
    </ClCompile>
    <ClCompile Include="CObj.cpp">
      <Filter>01. Obj\Obj</Filter>
    </ClCompile>
    <ClCompile Include="CBuild.cpp">
      <Filter>01. Obj\02.Build\Build</Filter>
    </ClCompile>
  </ItemGroup>
  <ItemGroup>
    <ResourceCompile Include="DefaultWindow.rc">
      <Filter>리소스 파일</Filter>
    </ResourceCompile>
  </ItemGroup>
  <ItemGroup>
    <Image Include="small.ico">
      <Filter>리소스 파일</Filter>
    </Image>
    <Image Include="DefaultWindow.ico">
      <Filter>리소스 파일</Filter>
    </Image>
  </ItemGroup>
  <ItemGroup>
    <None Include="fmod.cs">
      <Filter>03. Design\FMod</Filter>
    </None>
    <None Include="fmod_dsp.cs">
      <Filter>03. Design\FMod</Filter>
    </None>
    <None Include="fmod_errors.cs">
      <Filter>03. Design\FMod</Filter>
    </None>
    <None Include="fmodL.dll">
      <Filter>03. Design\FMod</Filter>
    </None>
    <None Include="fmod.dll">
      <Filter>03. Design\FMod</Filter>
    </None>
  </ItemGroup>
  <ItemGroup>
    <Library Include="fmod_vc.lib">
      <Filter>03. Design\FMod</Filter>
    </Library>
    <Library Include="fmodL_vc.lib">
      <Filter>03. Design\FMod</Filter>
    </Library>
  </ItemGroup>
</Project>